
Microsoft Visual Studio Solution File, Format Version 12.00
# Visual Studio Version 16
VisualStudioVersion = 16.0.31129.286
MinimumVisualStudioVersion = 10.0.40219.1
Project("{FAE04EC0-301F-11D3-BF4B-00C04F79EFBC}") = "GeoPolygonsSaver", "GeoPolygonsSaver\GeoPolygonsSaver.csproj", "{E8D3B4B8-0D61-455E-9CD6-AA87C967C2D2}"
EndProject
Global
	GlobalSection(SolutionConfigurationPlatforms) = preSolution
		Debug|Any CPU = Debug|Any CPU
		Release|Any CPU = Release|Any CPU
	EndGlobalSection
	GlobalSection(ProjectConfigurationPlatforms) = postSolution
		{E8D3B4B8-0D61-455E-9CD6-AA87C967C2D2}.Debug|Any CPU.ActiveCfg = Debug|Any CPU
		{E8D3B4B8-0D61-455E-9CD6-AA87C967C2D2}.Debug|Any CPU.Build.0 = Debug|Any CPU
		{E8D3B4B8-0D61-455E-9CD6-AA87C967C2D2}.Release|Any CPU.ActiveCfg = Release|Any CPU
		{E8D3B4B8-0D61-455E-9CD6-AA87C967C2D2}.Release|Any CPU.Build.0 = Release|Any CPU
	EndGlobalSection
	GlobalSection(SolutionProperties) = preSolution
		HideSolutionNode = FALSE
	EndGlobalSection
	GlobalSection(ExtensibilityGlobals) = postSolution
		SolutionGuid = {B75988EF-6C3B-4DE6-8E5B-AD3C3DAAAF5F}
	EndGlobalSection
EndGlobal
